// !$*UTF8*$!
{
	archiveVersion = 1;
	classes = {
	};
	objectVersion = 46;
	objects = {

/* Begin PBXBuildFile section */
		347B575844D043092D0BFF0F /* libPods-ADBLESKTests.a in Frameworks */ = {isa = PBXBuildFile; fileRef = 8D1CA0D39FEEE221D18208C4 /* libPods-ADBLESKTests.a */; };
		92088BA61E50B57E00ED301F /* LxxSoundPlay.m in Sources */ = {isa = PBXBuildFile; fileRef = 92088BA51E50B57E00ED301F /* LxxSoundPlay.m */; };
		92088BA81E50B62500ED301F /* alarm.caf in Resources */ = {isa = PBXBuildFile; fileRef = 92088BA71E50B62500ED301F /* alarm.caf */; };
		925B4B8A1E35E9E50085A599 /* ADSKProbeList.m in Sources */ = {isa = PBXBuildFile; fileRef = 925B4B891E35E9E50085A599 /* ADSKProbeList.m */; };
		9280D5EF1E3F1EE700412831 /* ADSKMainViewNavItem.m in Sources */ = {isa = PBXBuildFile; fileRef = 9280D5EE1E3F1EE700412831 /* ADSKMainViewNavItem.m */; };
		9280D5F41E3F3B4D00412831 /* ADSKSmallGaugeView.m in Sources */ = {isa = PBXBuildFile; fileRef = 9280D5F31E3F3B4D00412831 /* ADSKSmallGaugeView.m */; };
		92815A5B1E49788C006F0BF8 /* ADSKBLETableViewCell.m in Sources */ = {isa = PBXBuildFile; fileRef = 92815A5A1E49788C006F0BF8 /* ADSKBLETableViewCell.m */; };
		92815A5E1E497F39006F0BF8 /* ADSKBLEConnectionTabel.m in Sources */ = {isa = PBXBuildFile; fileRef = 92815A5D1E497F39006F0BF8 /* ADSKBLEConnectionTabel.m */; };
		92815A611E4AEF7D006F0BF8 /* ADSKTimerVC.m in Sources */ = {isa = PBXBuildFile; fileRef = 92815A601E4AEF7D006F0BF8 /* ADSKTimerVC.m */; };
		92815A651E4AEFCE006F0BF8 /* UICircularSlider.m in Sources */ = {isa = PBXBuildFile; fileRef = 92815A641E4AEFCE006F0BF8 /* UICircularSlider.m */; };
		92815A681E4AF7A7006F0BF8 /* ADSKTimerView.m in Sources */ = {isa = PBXBuildFile; fileRef = 92815A671E4AF7A7006F0BF8 /* ADSKTimerView.m */; };
		92815A6B1E4B4E30006F0BF8 /* ADSKTemperatureVC.m in Sources */ = {isa = PBXBuildFile; fileRef = 92815A6A1E4B4E30006F0BF8 /* ADSKTemperatureVC.m */; };
		92815A721E4B5B0A006F0BF8 /* UITemperatureSlider.m in Sources */ = {isa = PBXBuildFile; fileRef = 92815A711E4B5B0A006F0BF8 /* UITemperatureSlider.m */; };
		928628CA1E56913300092BCD /* MBProgressHUD.m in Sources */ = {isa = PBXBuildFile; fileRef = 928628C91E56913300092BCD /* MBProgressHUD.m */; };
		928D21391E3DDABD004D69CF /* ADSKCookDegreeSelectView.m in Sources */ = {isa = PBXBuildFile; fileRef = 928D21381E3DDABD004D69CF /* ADSKCookDegreeSelectView.m */; };
		928D213D1E3DDFBD004D69CF /* ADSKCookDegreeSelectItem.m in Sources */ = {isa = PBXBuildFile; fileRef = 928D213C1E3DDFBD004D69CF /* ADSKCookDegreeSelectItem.m */; };
		92AD3A5E1E32E8FC00BE40FA /* ADSKProbe.m in Sources */ = {isa = PBXBuildFile; fileRef = 92AD3A5D1E32E8FC00BE40FA /* ADSKProbe.m */; };
		92AD3A661E33096D00BE40FA /* WMGaugeView.m in Sources */ = {isa = PBXBuildFile; fileRef = 92AD3A621E33096D00BE40FA /* WMGaugeView.m */; };
		92AD3A671E33096D00BE40FA /* WMGaugeViewStyleFlatThin.m in Sources */ = {isa = PBXBuildFile; fileRef = 92AD3A651E33096D00BE40FA /* WMGaugeViewStyleFlatThin.m */; };
		92AD3A6A1E330DF700BE40FA /* ADSKGaugeView.m in Sources */ = {isa = PBXBuildFile; fileRef = 92AD3A691E330DF700BE40FA /* ADSKGaugeView.m */; };
		92AD3A6E1E33262800BE40FA /* ADSKAllProbesVC.m in Sources */ = {isa = PBXBuildFile; fileRef = 92AD3A6D1E33262800BE40FA /* ADSKAllProbesVC.m */; };
		92AD3A721E3349C600BE40FA /* ADSKBottomView.m in Sources */ = {isa = PBXBuildFile; fileRef = 92AD3A711E3349C600BE40FA /* ADSKBottomView.m */; };
		92B873EC1E59D5AB00D448E2 /* ADSKWarningView.m in Sources */ = {isa = PBXBuildFile; fileRef = 92B873EB1E59D5AB00D448E2 /* ADSKWarningView.m */; };
		92BA28BE1E51FA41009E644D /* ADSKNavItemButton.m in Sources */ = {isa = PBXBuildFile; fileRef = 92BA28BD1E51FA41009E644D /* ADSKNavItemButton.m */; };
		92BCEF351EA780AC00D5A7FA /* ADSKBLETableViewCell.xib in Resources */ = {isa = PBXBuildFile; fileRef = 92BCEF341EA780AC00D5A7FA /* ADSKBLETableViewCell.xib */; };
		92C0182D1ECC288400BC546D /* ADSKBLEConnectionTabel.xib in Resources */ = {isa = PBXBuildFile; fileRef = 92C0182F1ECC288400BC546D /* ADSKBLEConnectionTabel.xib */; };
		92C8DF6A1E339CA000E95372 /* ADSKRecipeVC.m in Sources */ = {isa = PBXBuildFile; fileRef = 92C8DF691E339CA000E95372 /* ADSKRecipeVC.m */; };
		92C96C081E55C8E8009C839A /* BLEManager.m in Sources */ = {isa = PBXBuildFile; fileRef = 92C96C071E55C8E8009C839A /* BLEManager.m */; };
		92D8762E1E5D64A900528EFC /* ADSKStartButton.m in Sources */ = {isa = PBXBuildFile; fileRef = 92D8762D1E5D64A900528EFC /* ADSKStartButton.m */; };
		92DE00591E324FF300A8EA5F /* ADSKNavigationBar.m in Sources */ = {isa = PBXBuildFile; fileRef = 92DE00581E324FF300A8EA5F /* ADSKNavigationBar.m */; };
		92DE005E1E3269D100A8EA5F /* ADSKSettingVC.m in Sources */ = {isa = PBXBuildFile; fileRef = 92DE005D1E3269D100A8EA5F /* ADSKSettingVC.m */; };
		92DE00651E3280FA00A8EA5F /* Localizable.strings in Resources */ = {isa = PBXBuildFile; fileRef = 92DE00671E3280FA00A8EA5F /* Localizable.strings */; };
		92F318BE1E3455410016C762 /* ADSKCookDegreeVC.m in Sources */ = {isa = PBXBuildFile; fileRef = 92F318BD1E3455410016C762 /* ADSKCookDegreeVC.m */; };
		92F462111E3109D000C9B2B3 /* main.m in Sources */ = {isa = PBXBuildFile; fileRef = 92F462101E3109D000C9B2B3 /* main.m */; };
		92F462141E3109D000C9B2B3 /* AppDelegate.m in Sources */ = {isa = PBXBuildFile; fileRef = 92F462131E3109D000C9B2B3 /* AppDelegate.m */; };
		92F462171E3109D000C9B2B3 /* MainViewController.m in Sources */ = {isa = PBXBuildFile; fileRef = 92F462161E3109D000C9B2B3 /* MainViewController.m */; };
		92F4621A1E3109D000C9B2B3 /* Main.storyboard in Resources */ = {isa = PBXBuildFile; fileRef = 92F462181E3109D000C9B2B3 /* Main.storyboard */; };
		92F4621D1E3109D000C9B2B3 /* ADBLESK.xcdatamodeld in Sources */ = {isa = PBXBuildFile; fileRef = 92F4621B1E3109D000C9B2B3 /* ADBLESK.xcdatamodeld */; };
		92F4621F1E3109D000C9B2B3 /* Assets.xcassets in Resources */ = {isa = PBXBuildFile; fileRef = 92F4621E1E3109D000C9B2B3 /* Assets.xcassets */; };
		92F462221E3109D000C9B2B3 /* LaunchScreen.storyboard in Resources */ = {isa = PBXBuildFile; fileRef = 92F462201E3109D000C9B2B3 /* LaunchScreen.storyboard */; };
		92F4622D1E3109D000C9B2B3 /* ADBLESKTests.m in Sources */ = {isa = PBXBuildFile; fileRef = 92F4622C1E3109D000C9B2B3 /* ADBLESKTests.m */; };
		92F462381E3109D000C9B2B3 /* ADBLESKUITests.m in Sources */ = {isa = PBXBuildFile; fileRef = 92F462371E3109D000C9B2B3 /* ADBLESKUITests.m */; };
		92FC37231E5E67DE00CA9670 /* GoogleService-Info.plist in Resources */ = {isa = PBXBuildFile; fileRef = 92FC37221E5E67DE00CA9670 /* GoogleService-Info.plist */; };
		C4242191877D0077C1C7D8A9 /* libPods-ADBLESKUITests.a in Frameworks */ = {isa = PBXBuildFile; fileRef = 9F42195C186CB65ABCCB6078 /* libPods-ADBLESKUITests.a */; };
		CF56C7E8B08CD88FCFD686B9 /* libPods-ADBLESK.a in Frameworks */ = {isa = PBXBuildFile; fileRef = 1A80D8A9050B8FDAFDBDDCDA /* libPods-ADBLESK.a */; };
/* End PBXBuildFile section */

/* Begin PBXContainerItemProxy section */
		92F462291E3109D000C9B2B3 /* PBXContainerItemProxy */ = {
			isa = PBXContainerItemProxy;
			containerPortal = 92F462041E3109D000C9B2B3 /* Project object */;
			proxyType = 1;
			remoteGlobalIDString = 92F4620B1E3109D000C9B2B3;
			remoteInfo = ADBLESK;
		};
		92F462341E3109D000C9B2B3 /* PBXContainerItemProxy */ = {
			isa = PBXContainerItemProxy;
			containerPortal = 92F462041E3109D000C9B2B3 /* Project object */;
			proxyType = 1;
			remoteGlobalIDString = 92F4620B1E3109D000C9B2B3;
			remoteInfo = ADBLESK;
		};
/* End PBXContainerItemProxy section */

/* Begin PBXFileReference section */
		18A4BC655D77AC8F3FD1A8A3 /* Pods-ADBLESKUITests.release.xcconfig */ = {isa = PBXFileReference; includeInIndex = 1; lastKnownFileType = text.xcconfig; name = "Pods-ADBLESKUITests.release.xcconfig"; path = "Pods/Target Support Files/Pods-ADBLESKUITests/Pods-ADBLESKUITests.release.xcconfig"; sourceTree = "<group>"; };
		1A80D8A9050B8FDAFDBDDCDA /* libPods-ADBLESK.a */ = {isa = PBXFileReference; explicitFileType = archive.ar; includeInIndex = 0; path = "libPods-ADBLESK.a"; sourceTree = BUILT_PRODUCTS_DIR; };
		4F00E6914503DD0A2C6D90D1 /* Pods-ADBLESKTests.release.xcconfig */ = {isa = PBXFileReference; includeInIndex = 1; lastKnownFileType = text.xcconfig; name = "Pods-ADBLESKTests.release.xcconfig"; path = "Pods/Target Support Files/Pods-ADBLESKTests/Pods-ADBLESKTests.release.xcconfig"; sourceTree = "<group>"; };
		5FCC7D6F530C08D0F1CA2401 /* Pods-ADBLESKTests.debug.xcconfig */ = {isa = PBXFileReference; includeInIndex = 1; lastKnownFileType = text.xcconfig; name = "Pods-ADBLESKTests.debug.xcconfig"; path = "Pods/Target Support Files/Pods-ADBLESKTests/Pods-ADBLESKTests.debug.xcconfig"; sourceTree = "<group>"; };
		7B59C01ECEE57D0CAC9D0AEB /* Pods-ADBLESKUITests.debug.xcconfig */ = {isa = PBXFileReference; includeInIndex = 1; lastKnownFileType = text.xcconfig; name = "Pods-ADBLESKUITests.debug.xcconfig"; path = "Pods/Target Support Files/Pods-ADBLESKUITests/Pods-ADBLESKUITests.debug.xcconfig"; sourceTree = "<group>"; };
		8D1CA0D39FEEE221D18208C4 /* libPods-ADBLESKTests.a */ = {isa = PBXFileReference; explicitFileType = archive.ar; includeInIndex = 0; path = "libPods-ADBLESKTests.a"; sourceTree = BUILT_PRODUCTS_DIR; };
		92088BA41E50B57E00ED301F /* LxxSoundPlay.h */ = {isa = PBXFileReference; fileEncoding = 4; lastKnownFileType = sourcecode.c.h; path = LxxSoundPlay.h; sourceTree = "<group>"; };
		92088BA51E50B57E00ED301F /* LxxSoundPlay.m */ = {isa = PBXFileReference; fileEncoding = 4; lastKnownFileType = sourcecode.c.objc; path = LxxSoundPlay.m; sourceTree = "<group>"; };
		92088BA71E50B62500ED301F /* alarm.caf */ = {isa = PBXFileReference; lastKnownFileType = file; path = alarm.caf; sourceTree = "<group>"; };
		925B4B881E35E9E50085A599 /* ADSKProbeList.h */ = {isa = PBXFileReference; fileEncoding = 4; lastKnownFileType = sourcecode.c.h; path = ADSKProbeList.h; sourceTree = "<group>"; };
		925B4B891E35E9E50085A599 /* ADSKProbeList.m */ = {isa = PBXFileReference; fileEncoding = 4; lastKnownFileType = sourcecode.c.objc; path = ADSKProbeList.m; sourceTree = "<group>"; };
		9280D5ED1E3F1EE700412831 /* ADSKMainViewNavItem.h */ = {isa = PBXFileReference; fileEncoding = 4; lastKnownFileType = sourcecode.c.h; path = ADSKMainViewNavItem.h; sourceTree = "<group>"; };
		9280D5EE1E3F1EE700412831 /* ADSKMainViewNavItem.m */ = {isa = PBXFileReference; fileEncoding = 4; lastKnownFileType = sourcecode.c.objc; path = ADSKMainViewNavItem.m; sourceTree = "<group>"; };
		9280D5F21E3F3B4D00412831 /* ADSKSmallGaugeView.h */ = {isa = PBXFileReference; fileEncoding = 4; lastKnownFileType = sourcecode.c.h; path = ADSKSmallGaugeView.h; sourceTree = "<group>"; };
		9280D5F31E3F3B4D00412831 /* ADSKSmallGaugeView.m */ = {isa = PBXFileReference; fileEncoding = 4; lastKnownFileType = sourcecode.c.objc; path = ADSKSmallGaugeView.m; sourceTree = "<group>"; };
		92815A591E49788C006F0BF8 /* ADSKBLETableViewCell.h */ = {isa = PBXFileReference; fileEncoding = 4; lastKnownFileType = sourcecode.c.h; path = ADSKBLETableViewCell.h; sourceTree = "<group>"; };
		92815A5A1E49788C006F0BF8 /* ADSKBLETableViewCell.m */ = {isa = PBXFileReference; fileEncoding = 4; lastKnownFileType = sourcecode.c.objc; path = ADSKBLETableViewCell.m; sourceTree = "<group>"; };
		92815A5C1E497F39006F0BF8 /* ADSKBLEConnectionTabel.h */ = {isa = PBXFileReference; fileEncoding = 4; lastKnownFileType = sourcecode.c.h; path = ADSKBLEConnectionTabel.h; sourceTree = "<group>"; };
		92815A5D1E497F39006F0BF8 /* ADSKBLEConnectionTabel.m */ = {isa = PBXFileReference; fileEncoding = 4; lastKnownFileType = sourcecode.c.objc; path = ADSKBLEConnectionTabel.m; sourceTree = "<group>"; };
		92815A5F1E4AEF7D006F0BF8 /* ADSKTimerVC.h */ = {isa = PBXFileReference; fileEncoding = 4; lastKnownFileType = sourcecode.c.h; path = ADSKTimerVC.h; sourceTree = "<group>"; };
		92815A601E4AEF7D006F0BF8 /* ADSKTimerVC.m */ = {isa = PBXFileReference; fileEncoding = 4; lastKnownFileType = sourcecode.c.objc; path = ADSKTimerVC.m; sourceTree = "<group>"; };
		92815A631E4AEFCE006F0BF8 /* UICircularSlider.h */ = {isa = PBXFileReference; fileEncoding = 4; lastKnownFileType = sourcecode.c.h; path = UICircularSlider.h; sourceTree = "<group>"; };
		92815A641E4AEFCE006F0BF8 /* UICircularSlider.m */ = {isa = PBXFileReference; fileEncoding = 4; lastKnownFileType = sourcecode.c.objc; path = UICircularSlider.m; sourceTree = "<group>"; };
		92815A661E4AF7A7006F0BF8 /* ADSKTimerView.h */ = {isa = PBXFileReference; fileEncoding = 4; lastKnownFileType = sourcecode.c.h; path = ADSKTimerView.h; sourceTree = "<group>"; };
		92815A671E4AF7A7006F0BF8 /* ADSKTimerView.m */ = {isa = PBXFileReference; fileEncoding = 4; lastKnownFileType = sourcecode.c.objc; path = ADSKTimerView.m; sourceTree = "<group>"; };
		92815A691E4B4E30006F0BF8 /* ADSKTemperatureVC.h */ = {isa = PBXFileReference; fileEncoding = 4; lastKnownFileType = sourcecode.c.h; path = ADSKTemperatureVC.h; sourceTree = "<group>"; };
		92815A6A1E4B4E30006F0BF8 /* ADSKTemperatureVC.m */ = {isa = PBXFileReference; fileEncoding = 4; lastKnownFileType = sourcecode.c.objc; path = ADSKTemperatureVC.m; sourceTree = "<group>"; };
		92815A701E4B5B0A006F0BF8 /* UITemperatureSlider.h */ = {isa = PBXFileReference; fileEncoding = 4; lastKnownFileType = sourcecode.c.h; path = UITemperatureSlider.h; sourceTree = "<group>"; };
		92815A711E4B5B0A006F0BF8 /* UITemperatureSlider.m */ = {isa = PBXFileReference; fileEncoding = 4; lastKnownFileType = sourcecode.c.objc; path = UITemperatureSlider.m; sourceTree = "<group>"; };
		928628C81E56913300092BCD /* MBProgressHUD.h */ = {isa = PBXFileReference; fileEncoding = 4; lastKnownFileType = sourcecode.c.h; path = MBProgressHUD.h; sourceTree = "<group>"; };
		928628C91E56913300092BCD /* MBProgressHUD.m */ = {isa = PBXFileReference; fileEncoding = 4; lastKnownFileType = sourcecode.c.objc; path = MBProgressHUD.m; sourceTree = "<group>"; };
		928D21371E3DDABD004D69CF /* ADSKCookDegreeSelectView.h */ = {isa = PBXFileReference; fileEncoding = 4; lastKnownFileType = sourcecode.c.h; path = ADSKCookDegreeSelectView.h; sourceTree = "<group>"; };
		928D21381E3DDABD004D69CF /* ADSKCookDegreeSelectView.m */ = {isa = PBXFileReference; fileEncoding = 4; lastKnownFileType = sourcecode.c.objc; path = ADSKCookDegreeSelectView.m; sourceTree = "<group>"; };
		928D213B1E3DDFBD004D69CF /* ADSKCookDegreeSelectItem.h */ = {isa = PBXFileReference; fileEncoding = 4; lastKnownFileType = sourcecode.c.h; path = ADSKCookDegreeSelectItem.h; sourceTree = "<group>"; };
		928D213C1E3DDFBD004D69CF /* ADSKCookDegreeSelectItem.m */ = {isa = PBXFileReference; fileEncoding = 4; lastKnownFileType = sourcecode.c.objc; path = ADSKCookDegreeSelectItem.m; sourceTree = "<group>"; };
		92AD3A5C1E32E8FC00BE40FA /* ADSKProbe.h */ = {isa = PBXFileReference; fileEncoding = 4; lastKnownFileType = sourcecode.c.h; path = ADSKProbe.h; sourceTree = "<group>"; };
		92AD3A5D1E32E8FC00BE40FA /* ADSKProbe.m */ = {isa = PBXFileReference; fileEncoding = 4; lastKnownFileType = sourcecode.c.objc; path = ADSKProbe.m; sourceTree = "<group>"; };
		92AD3A611E33096D00BE40FA /* WMGaugeView.h */ = {isa = PBXFileReference; fileEncoding = 4; lastKnownFileType = sourcecode.c.h; path = WMGaugeView.h; sourceTree = "<group>"; };
		92AD3A621E33096D00BE40FA /* WMGaugeView.m */ = {isa = PBXFileReference; fileEncoding = 4; lastKnownFileType = sourcecode.c.objc; path = WMGaugeView.m; sourceTree = "<group>"; };
		92AD3A631E33096D00BE40FA /* WMGaugeViewStyle.h */ = {isa = PBXFileReference; fileEncoding = 4; lastKnownFileType = sourcecode.c.h; path = WMGaugeViewStyle.h; sourceTree = "<group>"; };
		92AD3A641E33096D00BE40FA /* WMGaugeViewStyleFlatThin.h */ = {isa = PBXFileReference; fileEncoding = 4; lastKnownFileType = sourcecode.c.h; path = WMGaugeViewStyleFlatThin.h; sourceTree = "<group>"; };
		92AD3A651E33096D00BE40FA /* WMGaugeViewStyleFlatThin.m */ = {isa = PBXFileReference; fileEncoding = 4; lastKnownFileType = sourcecode.c.objc; path = WMGaugeViewStyleFlatThin.m; sourceTree = "<group>"; };
		92AD3A681E330DF700BE40FA /* ADSKGaugeView.h */ = {isa = PBXFileReference; fileEncoding = 4; lastKnownFileType = sourcecode.c.h; path = ADSKGaugeView.h; sourceTree = "<group>"; };
		92AD3A691E330DF700BE40FA /* ADSKGaugeView.m */ = {isa = PBXFileReference; fileEncoding = 4; lastKnownFileType = sourcecode.c.objc; path = ADSKGaugeView.m; sourceTree = "<group>"; };
		92AD3A6C1E33262800BE40FA /* ADSKAllProbesVC.h */ = {isa = PBXFileReference; fileEncoding = 4; lastKnownFileType = sourcecode.c.h; path = ADSKAllProbesVC.h; sourceTree = "<group>"; };
		92AD3A6D1E33262800BE40FA /* ADSKAllProbesVC.m */ = {isa = PBXFileReference; fileEncoding = 4; lastKnownFileType = sourcecode.c.objc; path = ADSKAllProbesVC.m; sourceTree = "<group>"; };
		92AD3A701E3349C600BE40FA /* ADSKBottomView.h */ = {isa = PBXFileReference; fileEncoding = 4; lastKnownFileType = sourcecode.c.h; path = ADSKBottomView.h; sourceTree = "<group>"; };
		92AD3A711E3349C600BE40FA /* ADSKBottomView.m */ = {isa = PBXFileReference; fileEncoding = 4; lastKnownFileType = sourcecode.c.objc; path = ADSKBottomView.m; sourceTree = "<group>"; };
		92B873EA1E59D5AB00D448E2 /* ADSKWarningView.h */ = {isa = PBXFileReference; fileEncoding = 4; lastKnownFileType = sourcecode.c.h; path = ADSKWarningView.h; sourceTree = "<group>"; };
		92B873EB1E59D5AB00D448E2 /* ADSKWarningView.m */ = {isa = PBXFileReference; fileEncoding = 4; lastKnownFileType = sourcecode.c.objc; path = ADSKWarningView.m; sourceTree = "<group>"; };
		92BA28BC1E51FA41009E644D /* ADSKNavItemButton.h */ = {isa = PBXFileReference; fileEncoding = 4; lastKnownFileType = sourcecode.c.h; path = ADSKNavItemButton.h; sourceTree = "<group>"; };
		92BA28BD1E51FA41009E644D /* ADSKNavItemButton.m */ = {isa = PBXFileReference; fileEncoding = 4; lastKnownFileType = sourcecode.c.objc; path = ADSKNavItemButton.m; sourceTree = "<group>"; };
		92BCEF341EA780AC00D5A7FA /* ADSKBLETableViewCell.xib */ = {isa = PBXFileReference; fileEncoding = 4; lastKnownFileType = file.xib; path = ADSKBLETableViewCell.xib; sourceTree = "<group>"; };
		92C0182E1ECC288400BC546D /* zh-Hans */ = {isa = PBXFileReference; lastKnownFileType = file.xib; name = "zh-Hans"; path = "zh-Hans.lproj/ADSKBLEConnectionTabel.xib"; sourceTree = "<group>"; };
		92C018301ECC288700BC546D /* Base */ = {isa = PBXFileReference; lastKnownFileType = file.xib; name = Base; path = Base.lproj/ADSKBLEConnectionTabel.xib; sourceTree = "<group>"; };
		92C8DF681E339CA000E95372 /* ADSKRecipeVC.h */ = {isa = PBXFileReference; fileEncoding = 4; lastKnownFileType = sourcecode.c.h; path = ADSKRecipeVC.h; sourceTree = "<group>"; };
		92C8DF691E339CA000E95372 /* ADSKRecipeVC.m */ = {isa = PBXFileReference; fileEncoding = 4; lastKnownFileType = sourcecode.c.objc; path = ADSKRecipeVC.m; sourceTree = "<group>"; };
		92C96C061E55C8E8009C839A /* BLEManager.h */ = {isa = PBXFileReference; fileEncoding = 4; lastKnownFileType = sourcecode.c.h; path = BLEManager.h; sourceTree = "<group>"; };
		92C96C071E55C8E8009C839A /* BLEManager.m */ = {isa = PBXFileReference; fileEncoding = 4; lastKnownFileType = sourcecode.c.objc; path = BLEManager.m; sourceTree = "<group>"; };
		92D5DB7E1EC31C6300E4D05B /* zh-Hans */ = {isa = PBXFileReference; lastKnownFileType = text.plist.strings; name = "zh-Hans"; path = "zh-Hans.lproj/Main.strings"; sourceTree = "<group>"; };
		92D5DB801EC31E9000E4D05B /* en */ = {isa = PBXFileReference; lastKnownFileType = text.plist.strings; name = en; path = en.lproj/Main.strings; sourceTree = "<group>"; };
		92D8762C1E5D64A900528EFC /* ADSKStartButton.h */ = {isa = PBXFileReference; fileEncoding = 4; lastKnownFileType = sourcecode.c.h; path = ADSKStartButton.h; sourceTree = "<group>"; };
		92D8762D1E5D64A900528EFC /* ADSKStartButton.m */ = {isa = PBXFileReference; fileEncoding = 4; lastKnownFileType = sourcecode.c.objc; path = ADSKStartButton.m; sourceTree = "<group>"; };
		92DE00571E324FF300A8EA5F /* ADSKNavigationBar.h */ = {isa = PBXFileReference; fileEncoding = 4; lastKnownFileType = sourcecode.c.h; path = ADSKNavigationBar.h; sourceTree = "<group>"; };
		92DE00581E324FF300A8EA5F /* ADSKNavigationBar.m */ = {isa = PBXFileReference; fileEncoding = 4; lastKnownFileType = sourcecode.c.objc; path = ADSKNavigationBar.m; sourceTree = "<group>"; };
		92DE005C1E3269D100A8EA5F /* ADSKSettingVC.h */ = {isa = PBXFileReference; fileEncoding = 4; lastKnownFileType = sourcecode.c.h; path = ADSKSettingVC.h; sourceTree = "<group>"; };
		92DE005D1E3269D100A8EA5F /* ADSKSettingVC.m */ = {isa = PBXFileReference; fileEncoding = 4; lastKnownFileType = sourcecode.c.objc; path = ADSKSettingVC.m; sourceTree = "<group>"; };
		92DE00661E3280FA00A8EA5F /* Base */ = {isa = PBXFileReference; lastKnownFileType = text.plist.strings; name = Base; path = Base.lproj/Localizable.strings; sourceTree = "<group>"; };
		92DE00681E3280FC00A8EA5F /* zh-Hans */ = {isa = PBXFileReference; lastKnownFileType = text.plist.strings; name = "zh-Hans"; path = "zh-Hans.lproj/Localizable.strings"; sourceTree = "<group>"; };
		92F318BC1E3455410016C762 /* ADSKCookDegreeVC.h */ = {isa = PBXFileReference; fileEncoding = 4; lastKnownFileType = sourcecode.c.h; path = ADSKCookDegreeVC.h; sourceTree = "<group>"; };
		92F318BD1E3455410016C762 /* ADSKCookDegreeVC.m */ = {isa = PBXFileReference; fileEncoding = 4; lastKnownFileType = sourcecode.c.objc; path = ADSKCookDegreeVC.m; sourceTree = "<group>"; };
		92F4620C1E3109D000C9B2B3 /* ADBLESK.app */ = {isa = PBXFileReference; explicitFileType = wrapper.application; includeInIndex = 0; path = ADBLESK.app; sourceTree = BUILT_PRODUCTS_DIR; };
		92F462101E3109D000C9B2B3 /* main.m */ = {isa = PBXFileReference; lastKnownFileType = sourcecode.c.objc; path = main.m; sourceTree = "<group>"; };
		92F462121E3109D000C9B2B3 /* AppDelegate.h */ = {isa = PBXFileReference; lastKnownFileType = sourcecode.c.h; path = AppDelegate.h; sourceTree = "<group>"; };
		92F462131E3109D000C9B2B3 /* AppDelegate.m */ = {isa = PBXFileReference; lastKnownFileType = sourcecode.c.objc; path = AppDelegate.m; sourceTree = "<group>"; };
		92F462151E3109D000C9B2B3 /* MainViewController.h */ = {isa = PBXFileReference; lastKnownFileType = sourcecode.c.h; path = MainViewController.h; sourceTree = "<group>"; };
		92F462161E3109D000C9B2B3 /* MainViewController.m */ = {isa = PBXFileReference; lastKnownFileType = sourcecode.c.objc; path = MainViewController.m; sourceTree = "<group>"; };
		92F462191E3109D000C9B2B3 /* Base */ = {isa = PBXFileReference; lastKnownFileType = file.storyboard; name = Base; path = Base.lproj/Main.storyboard; sourceTree = "<group>"; };
		92F4621C1E3109D000C9B2B3 /* ADBLESK.xcdatamodel */ = {isa = PBXFileReference; lastKnownFileType = wrapper.xcdatamodel; path = ADBLESK.xcdatamodel; sourceTree = "<group>"; };
		92F4621E1E3109D000C9B2B3 /* Assets.xcassets */ = {isa = PBXFileReference; lastKnownFileType = folder.assetcatalog; path = Assets.xcassets; sourceTree = "<group>"; };
		92F462211E3109D000C9B2B3 /* Base */ = {isa = PBXFileReference; lastKnownFileType = file.storyboard; name = Base; path = Base.lproj/LaunchScreen.storyboard; sourceTree = "<group>"; };
		92F462231E3109D000C9B2B3 /* Info.plist */ = {isa = PBXFileReference; lastKnownFileType = text.plist.xml; path = Info.plist; sourceTree = "<group>"; };
		92F462281E3109D000C9B2B3 /* ADBLESKTests.xctest */ = {isa = PBXFileReference; explicitFileType = wrapper.cfbundle; includeInIndex = 0; path = ADBLESKTests.xctest; sourceTree = BUILT_PRODUCTS_DIR; };
		92F4622C1E3109D000C9B2B3 /* ADBLESKTests.m */ = {isa = PBXFileReference; lastKnownFileType = sourcecode.c.objc; path = ADBLESKTests.m; sourceTree = "<group>"; };
		92F4622E1E3109D000C9B2B3 /* Info.plist */ = {isa = PBXFileReference; lastKnownFileType = text.plist.xml; path = Info.plist; sourceTree = "<group>"; };
		92F462331E3109D000C9B2B3 /* ADBLESKUITests.xctest */ = {isa = PBXFileReference; explicitFileType = wrapper.cfbundle; includeInIndex = 0; path = ADBLESKUITests.xctest; sourceTree = BUILT_PRODUCTS_DIR; };
		92F462371E3109D000C9B2B3 /* ADBLESKUITests.m */ = {isa = PBXFileReference; lastKnownFileType = sourcecode.c.objc; path = ADBLESKUITests.m; sourceTree = "<group>"; };
		92F462391E3109D000C9B2B3 /* Info.plist */ = {isa = PBXFileReference; lastKnownFileType = text.plist.xml; path = Info.plist; sourceTree = "<group>"; };
		92FC37221E5E67DE00CA9670 /* GoogleService-Info.plist */ = {isa = PBXFileReference; fileEncoding = 4; lastKnownFileType = text.plist.xml; path = "GoogleService-Info.plist"; sourceTree = "<group>"; };
		9F42195C186CB65ABCCB6078 /* libPods-ADBLESKUITests.a */ = {isa = PBXFileReference; explicitFileType = archive.ar; includeInIndex = 0; path = "libPods-ADBLESKUITests.a"; sourceTree = BUILT_PRODUCTS_DIR; };
		C73E1F1BB2249552FACD569D /* Pods-ADBLESK.release.xcconfig */ = {isa = PBXFileReference; includeInIndex = 1; lastKnownFileType = text.xcconfig; name = "Pods-ADBLESK.release.xcconfig"; path = "Pods/Target Support Files/Pods-ADBLESK/Pods-ADBLESK.release.xcconfig"; sourceTree = "<group>"; };
		D19811F2EFFF31886210B7D3 /* Pods-ADBLESK.debug.xcconfig */ = {isa = PBXFileReference; includeInIndex = 1; lastKnownFileType = text.xcconfig; name = "Pods-ADBLESK.debug.xcconfig"; path = "Pods/Target Support Files/Pods-ADBLESK/Pods-ADBLESK.debug.xcconfig"; sourceTree = "<group>"; };
/* End PBXFileReference section */

/* Begin PBXFrameworksBuildPhase section */
		92F462091E3109D000C9B2B3 /* Frameworks */ = {
			isa = PBXFrameworksBuildPhase;
			buildActionMask = 2147483647;
			files = (
				CF56C7E8B08CD88FCFD686B9 /* libPods-ADBLESK.a in Frameworks */,
			);
			runOnlyForDeploymentPostprocessing = 0;
		};
		92F462251E3109D000C9B2B3 /* Frameworks */ = {
			isa = PBXFrameworksBuildPhase;
			buildActionMask = 2147483647;
			files = (
				347B575844D043092D0BFF0F /* libPods-ADBLESKTests.a in Frameworks */,
			);
			runOnlyForDeploymentPostprocessing = 0;
		};
		92F462301E3109D000C9B2B3 /* Frameworks */ = {
			isa = PBXFrameworksBuildPhase;
			buildActionMask = 2147483647;
			files = (
				C4242191877D0077C1C7D8A9 /* libPods-ADBLESKUITests.a in Frameworks */,
			);
			runOnlyForDeploymentPostprocessing = 0;
		};
/* End PBXFrameworksBuildPhase section */

/* Begin PBXGroup section */
		63646B550BF72054DD5DD276 /* Pods */ = {
			isa = PBXGroup;
			children = (
				D19811F2EFFF31886210B7D3 /* Pods-ADBLESK.debug.xcconfig */,
				C73E1F1BB2249552FACD569D /* Pods-ADBLESK.release.xcconfig */,
				5FCC7D6F530C08D0F1CA2401 /* Pods-ADBLESKTests.debug.xcconfig */,
				4F00E6914503DD0A2C6D90D1 /* Pods-ADBLESKTests.release.xcconfig */,
				7B59C01ECEE57D0CAC9D0AEB /* Pods-ADBLESKUITests.debug.xcconfig */,
				18A4BC655D77AC8F3FD1A8A3 /* Pods-ADBLESKUITests.release.xcconfig */,
			);
			name = Pods;
			sourceTree = "<group>";
		};
		92088BA31E50B57500ED301F /* other */ = {
			isa = PBXGroup;
			children = (
				92088BA71E50B62500ED301F /* alarm.caf */,
				92088BA41E50B57E00ED301F /* LxxSoundPlay.h */,
				92088BA51E50B57E00ED301F /* LxxSoundPlay.m */,
				928628C81E56913300092BCD /* MBProgressHUD.h */,
				928628C91E56913300092BCD /* MBProgressHUD.m */,
			);
			name = other;
			sourceTree = "<group>";
		};
		9280D5F01E3F213400412831 /* NAVItem */ = {
			isa = PBXGroup;
			children = (
				9280D5ED1E3F1EE700412831 /* ADSKMainViewNavItem.h */,
				9280D5EE1E3F1EE700412831 /* ADSKMainViewNavItem.m */,
				92BA28BC1E51FA41009E644D /* ADSKNavItemButton.h */,
				92BA28BD1E51FA41009E644D /* ADSKNavItemButton.m */,
			);
			name = NAVItem;
			sourceTree = "<group>";
		};
		9280D5F11E3F3ADD00412831 /* allProbesVCViews */ = {
			isa = PBXGroup;
			children = (
				9280D5F21E3F3B4D00412831 /* ADSKSmallGaugeView.h */,
				9280D5F31E3F3B4D00412831 /* ADSKSmallGaugeView.m */,
			);
			name = allProbesVCViews;
			sourceTree = "<group>";
		};
		92815A4C1E496B16006F0BF8 /* TableView */ = {
			isa = PBXGroup;
			children = (
				92815A5C1E497F39006F0BF8 /* ADSKBLEConnectionTabel.h */,
				92815A5D1E497F39006F0BF8 /* ADSKBLEConnectionTabel.m */,
				92C0182F1ECC288400BC546D /* ADSKBLEConnectionTabel.xib */,
				92815A591E49788C006F0BF8 /* ADSKBLETableViewCell.h */,
				92815A5A1E49788C006F0BF8 /* ADSKBLETableViewCell.m */,
				92BCEF341EA780AC00D5A7FA /* ADSKBLETableViewCell.xib */,
			);
			name = TableView;
			sourceTree = "<group>";
		};
		92815A621E4AEF91006F0BF8 /* TimerVCViews */ = {
			isa = PBXGroup;
			children = (
				92815A661E4AF7A7006F0BF8 /* ADSKTimerView.h */,
				92815A671E4AF7A7006F0BF8 /* ADSKTimerView.m */,
				92815A631E4AEFCE006F0BF8 /* UICircularSlider.h */,
				92815A641E4AEFCE006F0BF8 /* UICircularSlider.m */,
			);
			name = TimerVCViews;
			sourceTree = "<group>";
		};
		92815A6C1E4B4EB5006F0BF8 /* TemperatureVCViews */ = {
			isa = PBXGroup;
			children = (
				92815A701E4B5B0A006F0BF8 /* UITemperatureSlider.h */,
				92815A711E4B5B0A006F0BF8 /* UITemperatureSlider.m */,
			);
			name = TemperatureVCViews;
			sourceTree = "<group>";
		};
		928D213A1E3DDAC5004D69CF /* cookDegreeVCViews */ = {
			isa = PBXGroup;
			children = (
				928D21371E3DDABD004D69CF /* ADSKCookDegreeSelectView.h */,
				928D21381E3DDABD004D69CF /* ADSKCookDegreeSelectView.m */,
				928D213B1E3DDFBD004D69CF /* ADSKCookDegreeSelectItem.h */,
				928D213C1E3DDFBD004D69CF /* ADSKCookDegreeSelectItem.m */,
			);
			name = cookDegreeVCViews;
			sourceTree = "<group>";
		};
		92AD3A5F1E32E90600BE40FA /* Models */ = {
			isa = PBXGroup;
			children = (
				92AD3A5C1E32E8FC00BE40FA /* ADSKProbe.h */,
				92AD3A5D1E32E8FC00BE40FA /* ADSKProbe.m */,
				925B4B881E35E9E50085A599 /* ADSKProbeList.h */,
				925B4B891E35E9E50085A599 /* ADSKProbeList.m */,
			);
			name = Models;
			sourceTree = "<group>";
		};
		92AD3A601E33096D00BE40FA /* WMGaugeView */ = {
			isa = PBXGroup;
			children = (
				92AD3A611E33096D00BE40FA /* WMGaugeView.h */,
				92AD3A621E33096D00BE40FA /* WMGaugeView.m */,
				92AD3A631E33096D00BE40FA /* WMGaugeViewStyle.h */,
				92AD3A641E33096D00BE40FA /* WMGaugeViewStyleFlatThin.h */,
				92AD3A651E33096D00BE40FA /* WMGaugeViewStyleFlatThin.m */,
			);
			path = WMGaugeView;
			sourceTree = "<group>";
		};
		92AD3A6F1E33494800BE40FA /* MainVCViews */ = {
			isa = PBXGroup;
			children = (
				92D8762B1E5D648700528EFC /* Button */,
				92B873E91E59D55900D448E2 /* warningView */,
				92815A4C1E496B16006F0BF8 /* TableView */,
				9280D5F01E3F213400412831 /* NAVItem */,
				92AD3A601E33096D00BE40FA /* WMGaugeView */,
				92AD3A681E330DF700BE40FA /* ADSKGaugeView.h */,
				92AD3A691E330DF700BE40FA /* ADSKGaugeView.m */,
				92AD3A701E3349C600BE40FA /* ADSKBottomView.h */,
				92AD3A711E3349C600BE40FA /* ADSKBottomView.m */,
			);
			name = MainVCViews;
			sourceTree = "<group>";
		};
		92B873E91E59D55900D448E2 /* warningView */ = {
			isa = PBXGroup;
			children = (
				92B873EA1E59D5AB00D448E2 /* ADSKWarningView.h */,
				92B873EB1E59D5AB00D448E2 /* ADSKWarningView.m */,
			);
			name = warningView;
			sourceTree = "<group>";
		};
		92D8762B1E5D648700528EFC /* Button */ = {
			isa = PBXGroup;
			children = (
				92D8762C1E5D64A900528EFC /* ADSKStartButton.h */,
				92D8762D1E5D64A900528EFC /* ADSKStartButton.m */,
			);
			name = Button;
			sourceTree = "<group>";
		};
		92DE005A1E3250D800A8EA5F /* Views */ = {
			isa = PBXGroup;
			children = (
				92DE005B1E3250E200A8EA5F /* NAVView */,
				92AD3A6F1E33494800BE40FA /* MainVCViews */,
				928D213A1E3DDAC5004D69CF /* cookDegreeVCViews */,
				9280D5F11E3F3ADD00412831 /* allProbesVCViews */,
				92815A621E4AEF91006F0BF8 /* TimerVCViews */,
				92815A6C1E4B4EB5006F0BF8 /* TemperatureVCViews */,
			);
			name = Views;
			sourceTree = "<group>";
		};
		92DE005B1E3250E200A8EA5F /* NAVView */ = {
			isa = PBXGroup;
			children = (
				92DE00571E324FF300A8EA5F /* ADSKNavigationBar.h */,
				92DE00581E324FF300A8EA5F /* ADSKNavigationBar.m */,
			);
			name = NAVView;
			sourceTree = "<group>";
		};
		92DE005F1E3269D700A8EA5F /* Controllers */ = {
			isa = PBXGroup;
			children = (
				92F462151E3109D000C9B2B3 /* MainViewController.h */,
				92F462161E3109D000C9B2B3 /* MainViewController.m */,
				92DE005C1E3269D100A8EA5F /* ADSKSettingVC.h */,
				92DE005D1E3269D100A8EA5F /* ADSKSettingVC.m */,
				92AD3A6C1E33262800BE40FA /* ADSKAllProbesVC.h */,
				92AD3A6D1E33262800BE40FA /* ADSKAllProbesVC.m */,
				92C8DF681E339CA000E95372 /* ADSKRecipeVC.h */,
				92C8DF691E339CA000E95372 /* ADSKRecipeVC.m */,
				92F318BC1E3455410016C762 /* ADSKCookDegreeVC.h */,
				92F318BD1E3455410016C762 /* ADSKCookDegreeVC.m */,
				92815A5F1E4AEF7D006F0BF8 /* ADSKTimerVC.h */,
				92815A601E4AEF7D006F0BF8 /* ADSKTimerVC.m */,
				92815A691E4B4E30006F0BF8 /* ADSKTemperatureVC.h */,
				92815A6A1E4B4E30006F0BF8 /* ADSKTemperatureVC.m */,
			);
			name = Controllers;
			sourceTree = "<group>";
		};
		92F462031E3109D000C9B2B3 = {
			isa = PBXGroup;
			children = (
				92F4620E1E3109D000C9B2B3 /* ADBLESK */,
				92F4622B1E3109D000C9B2B3 /* ADBLESKTests */,
				92F462361E3109D000C9B2B3 /* ADBLESKUITests */,
				92F4620D1E3109D000C9B2B3 /* Products */,
				63646B550BF72054DD5DD276 /* Pods */,
				A806F8690BFF017B00E7C883 /* Frameworks */,
			);
			sourceTree = "<group>";
		};
		92F4620D1E3109D000C9B2B3 /* Products */ = {
			isa = PBXGroup;
			children = (
				92F4620C1E3109D000C9B2B3 /* ADBLESK.app */,
				92F462281E3109D000C9B2B3 /* ADBLESKTests.xctest */,
				92F462331E3109D000C9B2B3 /* ADBLESKUITests.xctest */,
			);
			name = Products;
			sourceTree = "<group>";
		};
		92F4620E1E3109D000C9B2B3 /* ADBLESK */ = {
			isa = PBXGroup;
			children = (
				92F462181E3109D000C9B2B3 /* Main.storyboard */,
				92F462121E3109D000C9B2B3 /* AppDelegate.h */,
				92F462131E3109D000C9B2B3 /* AppDelegate.m */,
				92C96C061E55C8E8009C839A /* BLEManager.h */,
				92C96C071E55C8E8009C839A /* BLEManager.m */,
				92AD3A5F1E32E90600BE40FA /* Models */,
				92DE005F1E3269D700A8EA5F /* Controllers */,
				92DE005A1E3250D800A8EA5F /* Views */,
				92088BA31E50B57500ED301F /* other */,
				92F4620F1E3109D000C9B2B3 /* Supporting Files */,
			);
			path = ADBLESK;
			sourceTree = "<group>";
		};
		92F4620F1E3109D000C9B2B3 /* Supporting Files */ = {
			isa = PBXGroup;
			children = (
				92FC37221E5E67DE00CA9670 /* GoogleService-Info.plist */,
				92F4621E1E3109D000C9B2B3 /* Assets.xcassets */,
				92F462231E3109D000C9B2B3 /* Info.plist */,
				92F462201E3109D000C9B2B3 /* LaunchScreen.storyboard */,
				92F4621B1E3109D000C9B2B3 /* ADBLESK.xcdatamodeld */,
				92F462101E3109D000C9B2B3 /* main.m */,
				92DE00671E3280FA00A8EA5F /* Localizable.strings */,
			);
			name = "Supporting Files";
			sourceTree = "<group>";
		};
		92F4622B1E3109D000C9B2B3 /* ADBLESKTests */ = {
			isa = PBXGroup;
			children = (
				92F4622C1E3109D000C9B2B3 /* ADBLESKTests.m */,
				92F4622E1E3109D000C9B2B3 /* Info.plist */,
			);
			path = ADBLESKTests;
			sourceTree = "<group>";
		};
		92F462361E3109D000C9B2B3 /* ADBLESKUITests */ = {
			isa = PBXGroup;
			children = (
				92F462371E3109D000C9B2B3 /* ADBLESKUITests.m */,
				92F462391E3109D000C9B2B3 /* Info.plist */,
			);
			path = ADBLESKUITests;
			sourceTree = "<group>";
		};
		A806F8690BFF017B00E7C883 /* Frameworks */ = {
			isa = PBXGroup;
			children = (
				1A80D8A9050B8FDAFDBDDCDA /* libPods-ADBLESK.a */,
				8D1CA0D39FEEE221D18208C4 /* libPods-ADBLESKTests.a */,
				9F42195C186CB65ABCCB6078 /* libPods-ADBLESKUITests.a */,
			);
			name = Frameworks;
			sourceTree = "<group>";
		};
/* End PBXGroup section */

/* Begin PBXNativeTarget section */
		92F4620B1E3109D000C9B2B3 /* ADBLESK */ = {
			isa = PBXNativeTarget;
			buildConfigurationList = 92F4623C1E3109D000C9B2B3 /* Build configuration list for PBXNativeTarget "ADBLESK" */;
			buildPhases = (
				D4293103A3E336BD0EF3EC03 /* [CP] Check Pods Manifest.lock */,
				92F462081E3109D000C9B2B3 /* Sources */,
				92F462091E3109D000C9B2B3 /* Frameworks */,
				92F4620A1E3109D000C9B2B3 /* Resources */,
				2FAA8BF374FCC6AB01621B33 /* [CP] Embed Pods Frameworks */,
				4DD86D56F5E31A67134767B4 /* [CP] Copy Pods Resources */,
			);
			buildRules = (
			);
			dependencies = (
			);
			name = ADBLESK;
			productName = ADBLESK;
			productReference = 92F4620C1E3109D000C9B2B3 /* ADBLESK.app */;
			productType = "com.apple.product-type.application";
		};
		92F462271E3109D000C9B2B3 /* ADBLESKTests */ = {
			isa = PBXNativeTarget;
			buildConfigurationList = 92F4623F1E3109D000C9B2B3 /* Build configuration list for PBXNativeTarget "ADBLESKTests" */;
			buildPhases = (
				9C03B530E0BE6362A68BCEB1 /* [CP] Check Pods Manifest.lock */,
				92F462241E3109D000C9B2B3 /* Sources */,
				92F462251E3109D000C9B2B3 /* Frameworks */,
				92F462261E3109D000C9B2B3 /* Resources */,
				9F9D074325DCD52175D7E73E /* [CP] Embed Pods Frameworks */,
				CA296C5D40E948E8C0CC34D5 /* [CP] Copy Pods Resources */,
			);
			buildRules = (
			);
			dependencies = (
				92F4622A1E3109D000C9B2B3 /* PBXTargetDependency */,
			);
			name = ADBLESKTests;
			productName = ADBLESKTests;
			productReference = 92F462281E3109D000C9B2B3 /* ADBLESKTests.xctest */;
			productType = "com.apple.product-type.bundle.unit-test";
		};
		92F462321E3109D000C9B2B3 /* ADBLESKUITests */ = {
			isa = PBXNativeTarget;
			buildConfigurationList = 92F462421E3109D000C9B2B3 /* Build configuration list for PBXNativeTarget "ADBLESKUITests" */;
			buildPhases = (
				6567FA9EE0BA575E026E6B67 /* [CP] Check Pods Manifest.lock */,
				92F4622F1E3109D000C9B2B3 /* Sources */,
				92F462301E3109D000C9B2B3 /* Frameworks */,
				92F462311E3109D000C9B2B3 /* Resources */,
				01060A062236A78361CDED4D /* [CP] Embed Pods Frameworks */,
				3BA01D4918CEBA1048A0B687 /* [CP] Copy Pods Resources */,
			);
			buildRules = (
			);
			dependencies = (
				92F462351E3109D000C9B2B3 /* PBXTargetDependency */,
			);
			name = ADBLESKUITests;
			productName = ADBLESKUITests;
			productReference = 92F462331E3109D000C9B2B3 /* ADBLESKUITests.xctest */;
			productType = "com.apple.product-type.bundle.ui-testing";
		};
/* End PBXNativeTarget section */

/* Begin PBXProject section */
		92F462041E3109D000C9B2B3 /* Project object */ = {
			isa = PBXProject;
			attributes = {
				CLASSPREFIX = ADSK;
				LastUpgradeCheck = 0820;
				ORGANIZATIONNAME = andong;
				TargetAttributes = {
					92F4620B1E3109D000C9B2B3 = {
						CreatedOnToolsVersion = 8.2.1;
						DevelopmentTeam = 4D49NLC4WA;
						ProvisioningStyle = Manual;
						SystemCapabilities = {
							com.apple.BackgroundModes = {
								enabled = 1;
							};
							com.apple.Push = {
								enabled = 0;
							};
						};
					};
					92F462271E3109D000C9B2B3 = {
						CreatedOnToolsVersion = 8.2.1;
						DevelopmentTeam = 4D49NLC4WA;
						ProvisioningStyle = Automatic;
						TestTargetID = 92F4620B1E3109D000C9B2B3;
					};
					92F462321E3109D000C9B2B3 = {
						CreatedOnToolsVersion = 8.2.1;
						DevelopmentTeam = 4D49NLC4WA;
						ProvisioningStyle = Automatic;
						TestTargetID = 92F4620B1E3109D000C9B2B3;
					};
				};
			};
			buildConfigurationList = 92F462071E3109D000C9B2B3 /* Build configuration list for PBXProject "ADBLESK" */;
			compatibilityVersion = "Xcode 3.2";
			developmentRegion = English;
			hasScannedForEncodings = 0;
			knownRegions = (
				en,
				Base,
				"zh-Hans",
			);
			mainGroup = 92F462031E3109D000C9B2B3;
			productRefGroup = 92F4620D1E3109D000C9B2B3 /* Products */;
			projectDirPath = "";
			projectRoot = "";
			targets = (
				92F4620B1E3109D000C9B2B3 /* ADBLESK */,
				92F462271E3109D000C9B2B3 /* ADBLESKTests */,
				92F462321E3109D000C9B2B3 /* ADBLESKUITests */,
			);
		};
/* End PBXProject section */

/* Begin PBXResourcesBuildPhase section */
		92F4620A1E3109D000C9B2B3 /* Resources */ = {
			isa = PBXResourcesBuildPhase;
			buildActionMask = 2147483647;
			files = (
				92F462221E3109D000C9B2B3 /* LaunchScreen.storyboard in Resources */,
				92DE00651E3280FA00A8EA5F /* Localizable.strings in Resources */,
				92BCEF351EA780AC00D5A7FA /* ADSKBLETableViewCell.xib in Resources */,
				92C0182D1ECC288400BC546D /* ADSKBLEConnectionTabel.xib in Resources */,
				92088BA81E50B62500ED301F /* alarm.caf in Resources */,
				92F4621F1E3109D000C9B2B3 /* Assets.xcassets in Resources */,
				92F4621A1E3109D000C9B2B3 /* Main.storyboard in Resources */,
				92FC37231E5E67DE00CA9670 /* GoogleService-Info.plist in Resources */,
			);
			runOnlyForDeploymentPostprocessing = 0;
		};
		92F462261E3109D000C9B2B3 /* Resources */ = {
			isa = PBXResourcesBuildPhase;
			buildActionMask = 2147483647;
			files = (
			);
			runOnlyForDeploymentPostprocessing = 0;
		};
		92F462311E3109D000C9B2B3 /* Resources */ = {
			isa = PBXResourcesBuildPhase;
			buildActionMask = 2147483647;
			files = (
			);
			runOnlyForDeploymentPostprocessing = 0;
		};
/* End PBXResourcesBuildPhase section */

/* Begin PBXShellScriptBuildPhase section */
		01060A062236A78361CDED4D /* [CP] Embed Pods Frameworks */ = {
			isa = PBXShellScriptBuildPhase;
			buildActionMask = 2147483647;
			files = (
			);
			inputPaths = (
			);
			name = "[CP] Embed Pods Frameworks";
			outputPaths = (
			);
			runOnlyForDeploymentPostprocessing = 0;
			shellPath = /bin/sh;
			shellScript = "\"${SRCROOT}/Pods/Target Support Files/Pods-ADBLESKUITests/Pods-ADBLESKUITests-frameworks.sh\"\n";
			showEnvVarsInLog = 0;
		};
		2FAA8BF374FCC6AB01621B33 /* [CP] Embed Pods Frameworks */ = {
			isa = PBXShellScriptBuildPhase;
			buildActionMask = 2147483647;
			files = (
			);
			inputPaths = (
			);
			name = "[CP] Embed Pods Frameworks";
			outputPaths = (
			);
			runOnlyForDeploymentPostprocessing = 0;
			shellPath = /bin/sh;
			shellScript = "\"${SRCROOT}/Pods/Target Support Files/Pods-ADBLESK/Pods-ADBLESK-frameworks.sh\"\n";
			showEnvVarsInLog = 0;
		};
		3BA01D4918CEBA1048A0B687 /* [CP] Copy Pods Resources */ = {
			isa = PBXShellScriptBuildPhase;
			buildActionMask = 2147483647;
			files = (
			);
			inputPaths = (
			);
			name = "[CP] Copy Pods Resources";
			outputPaths = (
			);
			runOnlyForDeploymentPostprocessing = 0;
			shellPath = /bin/sh;
			shellScript = "\"${SRCROOT}/Pods/Target Support Files/Pods-ADBLESKUITests/Pods-ADBLESKUITests-resources.sh\"\n";
			showEnvVarsInLog = 0;
		};
		4DD86D56F5E31A67134767B4 /* [CP] Copy Pods Resources */ = {
			isa = PBXShellScriptBuildPhase;
			buildActionMask = 2147483647;
			files = (
			);
			inputPaths = (
			);
			name = "[CP] Copy Pods Resources";
			outputPaths = (
			);
			runOnlyForDeploymentPostprocessing = 0;
			shellPath = /bin/sh;
			shellScript = "\"${SRCROOT}/Pods/Target Support Files/Pods-ADBLESK/Pods-ADBLESK-resources.sh\"\n";
			showEnvVarsInLog = 0;
		};
		6567FA9EE0BA575E026E6B67 /* [CP] Check Pods Manifest.lock */ = {
			isa = PBXShellScriptBuildPhase;
			buildActionMask = 2147483647;
			files = (
			);
			inputPaths = (
			);
			name = "[CP] Check Pods Manifest.lock";
			outputPaths = (
			);
			runOnlyForDeploymentPostprocessing = 0;
			shellPath = /bin/sh;
			shellScript = "diff \"${PODS_ROOT}/../Podfile.lock\" \"${PODS_ROOT}/Manifest.lock\" > /dev/null\nif [ $? != 0 ] ; then\n    # print error to STDERR\n    echo \"error: The sandbox is not in sync with the Podfile.lock. Run 'pod install' or update your CocoaPods installation.\" >&2\n    exit 1\nfi\n";
			showEnvVarsInLog = 0;
		};
		9C03B530E0BE6362A68BCEB1 /* [CP] Check Pods Manifest.lock */ = {
			isa = PBXShellScriptBuildPhase;
			buildActionMask = 2147483647;
			files = (
			);
			inputPaths = (
			);
			name = "[CP] Check Pods Manifest.lock";
			outputPaths = (
			);
			runOnlyForDeploymentPostprocessing = 0;
			shellPath = /bin/sh;
			shellScript = "diff \"${PODS_ROOT}/../Podfile.lock\" \"${PODS_ROOT}/Manifest.lock\" > /dev/null\nif [ $? != 0 ] ; then\n    # print error to STDERR\n    echo \"error: The sandbox is not in sync with the Podfile.lock. Run 'pod install' or update your CocoaPods installation.\" >&2\n    exit 1\nfi\n";
			showEnvVarsInLog = 0;
		};
		9F9D074325DCD52175D7E73E /* [CP] Embed Pods Frameworks */ = {
			isa = PBXShellScriptBuildPhase;
			buildActionMask = 2147483647;
			files = (
			);
			inputPaths = (
			);
			name = "[CP] Embed Pods Frameworks";
			outputPaths = (
			);
			runOnlyForDeploymentPostprocessing = 0;
			shellPath = /bin/sh;
			shellScript = "\"${SRCROOT}/Pods/Target Support Files/Pods-ADBLESKTests/Pods-ADBLESKTests-frameworks.sh\"\n";
			showEnvVarsInLog = 0;
		};
		CA296C5D40E948E8C0CC34D5 /* [CP] Copy Pods Resources */ = {
			isa = PBXShellScriptBuildPhase;
			buildActionMask = 2147483647;
			files = (
			);
			inputPaths = (
			);
			name = "[CP] Copy Pods Resources";
			outputPaths = (
			);
			runOnlyForDeploymentPostprocessing = 0;
			shellPath = /bin/sh;
			shellScript = "\"${SRCROOT}/Pods/Target Support Files/Pods-ADBLESKTests/Pods-ADBLESKTests-resources.sh\"\n";
			showEnvVarsInLog = 0;
		};
		D4293103A3E336BD0EF3EC03 /* [CP] Check Pods Manifest.lock */ = {
			isa = PBXShellScriptBuildPhase;
			buildActionMask = 2147483647;
			files = (
			);
			inputPaths = (
			);
			name = "[CP] Check Pods Manifest.lock";
			outputPaths = (
			);
			runOnlyForDeploymentPostprocessing = 0;
			shellPath = /bin/sh;
			shellScript = "diff \"${PODS_ROOT}/../Podfile.lock\" \"${PODS_ROOT}/Manifest.lock\" > /dev/null\nif [ $? != 0 ] ; then\n    # print error to STDERR\n    echo \"error: The sandbox is not in sync with the Podfile.lock. Run 'pod install' or update your CocoaPods installation.\" >&2\n    exit 1\nfi\n";
			showEnvVarsInLog = 0;
		};
/* End PBXShellScriptBuildPhase section */

/* Begin PBXSourcesBuildPhase section */
		92F462081E3109D000C9B2B3 /* Sources */ = {
			isa = PBXSourcesBuildPhase;
			buildActionMask = 2147483647;
			files = (
				92AD3A661E33096D00BE40FA /* WMGaugeView.m in Sources */,
				9280D5EF1E3F1EE700412831 /* ADSKMainViewNavItem.m in Sources */,
				925B4B8A1E35E9E50085A599 /* ADSKProbeList.m in Sources */,
				92DE005E1E3269D100A8EA5F /* ADSKSettingVC.m in Sources */,
				9280D5F41E3F3B4D00412831 /* ADSKSmallGaugeView.m in Sources */,
				92AD3A721E3349C600BE40FA /* ADSKBottomView.m in Sources */,
				92B873EC1E59D5AB00D448E2 /* ADSKWarningView.m in Sources */,
				92815A5B1E49788C006F0BF8 /* ADSKBLETableViewCell.m in Sources */,
				928628CA1E56913300092BCD /* MBProgressHUD.m in Sources */,
				92AD3A6E1E33262800BE40FA /* ADSKAllProbesVC.m in Sources */,
				92F462171E3109D000C9B2B3 /* MainViewController.m in Sources */,
				92815A721E4B5B0A006F0BF8 /* UITemperatureSlider.m in Sources */,
				92C8DF6A1E339CA000E95372 /* ADSKRecipeVC.m in Sources */,
				92DE00591E324FF300A8EA5F /* ADSKNavigationBar.m in Sources */,
				92F318BE1E3455410016C762 /* ADSKCookDegreeVC.m in Sources */,
				92AD3A671E33096D00BE40FA /* WMGaugeViewStyleFlatThin.m in Sources */,
				92F462141E3109D000C9B2B3 /* AppDelegate.m in Sources */,
				928D21391E3DDABD004D69CF /* ADSKCookDegreeSelectView.m in Sources */,
				92AD3A5E1E32E8FC00BE40FA /* ADSKProbe.m in Sources */,
				92BA28BE1E51FA41009E644D /* ADSKNavItemButton.m in Sources */,
				92088BA61E50B57E00ED301F /* LxxSoundPlay.m in Sources */,
				92815A5E1E497F39006F0BF8 /* ADSKBLEConnectionTabel.m in Sources */,
				92C96C081E55C8E8009C839A /* BLEManager.m in Sources */,
				92815A681E4AF7A7006F0BF8 /* ADSKTimerView.m in Sources */,
				92AD3A6A1E330DF700BE40FA /* ADSKGaugeView.m in Sources */,
				92D8762E1E5D64A900528EFC /* ADSKStartButton.m in Sources */,
				92F4621D1E3109D000C9B2B3 /* ADBLESK.xcdatamodeld in Sources */,
				928D213D1E3DDFBD004D69CF /* ADSKCookDegreeSelectItem.m in Sources */,
				92815A651E4AEFCE006F0BF8 /* UICircularSlider.m in Sources */,
				92F462111E3109D000C9B2B3 /* main.m in Sources */,
				92815A611E4AEF7D006F0BF8 /* ADSKTimerVC.m in Sources */,
				92815A6B1E4B4E30006F0BF8 /* ADSKTemperatureVC.m in Sources */,
			);
			runOnlyForDeploymentPostprocessing = 0;
		};
		92F462241E3109D000C9B2B3 /* Sources */ = {
			isa = PBXSourcesBuildPhase;
			buildActionMask = 2147483647;
			files = (
				92F4622D1E3109D000C9B2B3 /* ADBLESKTests.m in Sources */,
			);
			runOnlyForDeploymentPostprocessing = 0;
		};
		92F4622F1E3109D000C9B2B3 /* Sources */ = {
			isa = PBXSourcesBuildPhase;
			buildActionMask = 2147483647;
			files = (
				92F462381E3109D000C9B2B3 /* ADBLESKUITests.m in Sources */,
			);
			runOnlyForDeploymentPostprocessing = 0;
		};
/* End PBXSourcesBuildPhase section */

/* Begin PBXTargetDependency section */
		92F4622A1E3109D000C9B2B3 /* PBXTargetDependency */ = {
			isa = PBXTargetDependency;
			target = 92F4620B1E3109D000C9B2B3 /* ADBLESK */;
			targetProxy = 92F462291E3109D000C9B2B3 /* PBXContainerItemProxy */;
		};
		92F462351E3109D000C9B2B3 /* PBXTargetDependency */ = {
			isa = PBXTargetDependency;
			target = 92F4620B1E3109D000C9B2B3 /* ADBLESK */;
			targetProxy = 92F462341E3109D000C9B2B3 /* PBXContainerItemProxy */;
		};
/* End PBXTargetDependency section */

/* Begin PBXVariantGroup section */
		92C0182F1ECC288400BC546D /* ADSKBLEConnectionTabel.xib */ = {
			isa = PBXVariantGroup;
			children = (
				92C0182E1ECC288400BC546D /* zh-Hans */,
				92C018301ECC288700BC546D /* Base */,
			);
			name = ADSKBLEConnectionTabel.xib;
			sourceTree = "<group>";
		};
		92DE00671E3280FA00A8EA5F /* Localizable.strings */ = {
			isa = PBXVariantGroup;
			children = (
				92DE00661E3280FA00A8EA5F /* Base */,
				92DE00681E3280FC00A8EA5F /* zh-Hans */,
			);
			name = Localizable.strings;
			sourceTree = "<group>";
		};
		92F462181E3109D000C9B2B3 /* Main.storyboard */ = {
			isa = PBXVariantGroup;
			children = (
				92F462191E3109D000C9B2B3 /* Base */,
				92D5DB7E1EC31C6300E4D05B /* zh-Hans */,
				92D5DB801EC31E9000E4D05B /* en */,
			);
			name = Main.storyboard;
			sourceTree = "<group>";
		};
		92F462201E3109D000C9B2B3 /* LaunchScreen.storyboard */ = {
			isa = PBXVariantGroup;
			children = (
				92F462211E3109D000C9B2B3 /* Base */,
			);
			name = LaunchScreen.storyboard;
			sourceTree = "<group>";
		};
/* End PBXVariantGroup section */

/* Begin XCBuildConfiguration section */
		92F4623A1E3109D000C9B2B3 /* Debug */ = {
			isa = XCBuildConfiguration;
			buildSettings = {
				ALWAYS_SEARCH_USER_PATHS = NO;
				CLANG_ANALYZER_LOCALIZABILITY_NONLOCALIZED = YES;
				CLANG_ANALYZER_NONNULL = YES;
				CLANG_CXX_LANGUAGE_STANDARD = "gnu++0x";
				CLANG_CXX_LIBRARY = "libc++";
				CLANG_ENABLE_MODULES = YES;
				CLANG_ENABLE_OBJC_ARC = YES;
				CLANG_WARN_BOOL_CONVERSION = YES;
				CLANG_WARN_CONSTANT_CONVERSION = YES;
				CLANG_WARN_DIRECT_OBJC_ISA_USAGE = YES_ERROR;
				CLANG_WARN_DOCUMENTATION_COMMENTS = YES;
				CLANG_WARN_EMPTY_BODY = YES;
				CLANG_WARN_ENUM_CONVERSION = YES;
				CLANG_WARN_INFINITE_RECURSION = YES;
				CLANG_WARN_INT_CONVERSION = YES;
				CLANG_WARN_OBJC_ROOT_CLASS = YES_ERROR;
				CLANG_WARN_SUSPICIOUS_MOVE = YES;
				CLANG_WARN_UNREACHABLE_CODE = YES;
				CLANG_WARN__DUPLICATE_METHOD_MATCH = YES;
				"CODE_SIGN_IDENTITY[sdk=iphoneos*]" = "iPhone Developer";
				COPY_PHASE_STRIP = NO;
				DEBUG_INFORMATION_FORMAT = dwarf;
				ENABLE_STRICT_OBJC_MSGSEND = YES;
				ENABLE_TESTABILITY = YES;
				GCC_C_LANGUAGE_STANDARD = gnu99;
				GCC_DYNAMIC_NO_PIC = NO;
				GCC_NO_COMMON_BLOCKS = YES;
				GCC_OPTIMIZATION_LEVEL = 0;
				GCC_PREPROCESSOR_DEFINITIONS = (
					"DEBUG=1",
					"$(inherited)",
				);
				GCC_WARN_64_TO_32_BIT_CONVERSION = YES;
				GCC_WARN_ABOUT_RETURN_TYPE = YES_ERROR;
				GCC_WARN_UNDECLARED_SELECTOR = YES;
				GCC_WARN_UNINITIALIZED_AUTOS = YES_AGGRESSIVE;
				GCC_WARN_UNUSED_FUNCTION = YES;
				GCC_WARN_UNUSED_VARIABLE = YES;
				IPHONEOS_DEPLOYMENT_TARGET = 10.2;
				MTL_ENABLE_DEBUG_INFO = YES;
				ONLY_ACTIVE_ARCH = YES;
				SDKROOT = iphoneos;
				TARGETED_DEVICE_FAMILY = "1,2";
			};
			name = Debug;
		};
		92F4623B1E3109D000C9B2B3 /* Release */ = {
			isa = XCBuildConfiguration;
			buildSettings = {
				ALWAYS_SEARCH_USER_PATHS = NO;
				CLANG_ANALYZER_LOCALIZABILITY_NONLOCALIZED = YES;
				CLANG_ANALYZER_NONNULL = YES;
				CLANG_CXX_LANGUAGE_STANDARD = "gnu++0x";
				CLANG_CXX_LIBRARY = "libc++";
				CLANG_ENABLE_MODULES = YES;
				CLANG_ENABLE_OBJC_ARC = YES;
				CLANG_WARN_BOOL_CONVERSION = YES;
				CLANG_WARN_CONSTANT_CONVERSION = YES;
				CLANG_WARN_DIRECT_OBJC_ISA_USAGE = YES_ERROR;
				CLANG_WARN_DOCUMENTATION_COMMENTS = YES;
				CLANG_WARN_EMPTY_BODY = YES;
				CLANG_WARN_ENUM_CONVERSION = YES;
				CLANG_WARN_INFINITE_RECURSION = YES;
				CLANG_WARN_INT_CONVERSION = YES;
				CLANG_WARN_OBJC_ROOT_CLASS = YES_ERROR;
				CLANG_WARN_SUSPICIOUS_MOVE = YES;
				CLANG_WARN_UNREACHABLE_CODE = YES;
				CLANG_WARN__DUPLICATE_METHOD_MATCH = YES;
				"CODE_SIGN_IDENTITY[sdk=iphoneos*]" = "iPhone Developer";
				COPY_PHASE_STRIP = NO;
				DEBUG_INFORMATION_FORMAT = "dwarf-with-dsym";
				ENABLE_NS_ASSERTIONS = NO;
				ENABLE_STRICT_OBJC_MSGSEND = YES;
				GCC_C_LANGUAGE_STANDARD = gnu99;
				GCC_NO_COMMON_BLOCKS = YES;
				GCC_WARN_64_TO_32_BIT_CONVERSION = YES;
				GCC_WARN_ABOUT_RETURN_TYPE = YES_ERROR;
				GCC_WARN_UNDECLARED_SELECTOR = YES;
				GCC_WARN_UNINITIALIZED_AUTOS = YES_AGGRESSIVE;
				GCC_WARN_UNUSED_FUNCTION = YES;
				GCC_WARN_UNUSED_VARIABLE = YES;
				IPHONEOS_DEPLOYMENT_TARGET = 10.2;
				MTL_ENABLE_DEBUG_INFO = NO;
				SDKROOT = iphoneos;
				TARGETED_DEVICE_FAMILY = "1,2";
				VALIDATE_PRODUCT = YES;
			};
			name = Release;
		};
		92F4623D1E3109D000C9B2B3 /* Debug */ = {
			isa = XCBuildConfiguration;
			baseConfigurationReference = D19811F2EFFF31886210B7D3 /* Pods-ADBLESK.debug.xcconfig */;
			buildSettings = {
				ASSETCATALOG_COMPILER_APPICON_NAME = AppIcon;
				CODE_SIGN_IDENTITY = "iPhone Developer: dong andong (QD95D6H6A8)";
				DEVELOPMENT_TEAM = 4D49NLC4WA;
				INFOPLIST_FILE = ADBLESK/Info.plist;
				IPHONEOS_DEPLOYMENT_TARGET = 8.0;
				LD_RUNPATH_SEARCH_PATHS = "$(inherited) @executable_path/Frameworks";
				PRODUCT_BUNDLE_IDENTIFIER = com.helio.vww01;
				PRODUCT_NAME = "$(TARGET_NAME)";
				PROVISIONING_PROFILE = "679ef3e2-9c23-49f1-a121-e092fc199fc8";
				PROVISIONING_PROFILE_SPECIFIER = DADpersonaldevelopmentProfile;
				TARGETED_DEVICE_FAMILY = "1,2";
			};
			name = Debug;
		};
		92F4623E1E3109D000C9B2B3 /* Release */ = {
			isa = XCBuildConfiguration;
			baseConfigurationReference = C73E1F1BB2249552FACD569D /* Pods-ADBLESK.release.xcconfig */;
			buildSettings = {
				ASSETCATALOG_COMPILER_APPICON_NAME = AppIcon;
				CODE_SIGN_IDENTITY = "iPhone Distribution";
				"CODE_SIGN_IDENTITY[sdk=*]" = "iPhone Distribution";
				DEVELOPMENT_TEAM = 4D49NLC4WA;
				INFOPLIST_FILE = ADBLESK/Info.plist;
				IPHONEOS_DEPLOYMENT_TARGET = 8.0;
				LD_RUNPATH_SEARCH_PATHS = "$(inherited) @executable_path/Frameworks";
				PRODUCT_BUNDLE_IDENTIFIER = com.helio.vww01;
				PRODUCT_NAME = "$(TARGET_NAME)";
				PROVISIONING_PROFILE = "0409ac80-93ff-49e6-a204-647ed8e41361";
				PROVISIONING_PROFILE_SPECIFIER = vww01_20160729_INHOUSEProfile;
				TARGETED_DEVICE_FAMILY = "1,2";
			};
			name = Release;
		};
		92F462401E3109D000C9B2B3 /* Debug */ = {
			isa = XCBuildConfiguration;
			baseConfigurationReference = 5FCC7D6F530C08D0F1CA2401 /* Pods-ADBLESKTests.debug.xcconfig */;
			buildSettings = {
				BUNDLE_LOADER = "$(TEST_HOST)";
				DEVELOPMENT_TEAM = 4D49NLC4WA;
				INFOPLIST_FILE = ADBLESKTests/Info.plist;
				LD_RUNPATH_SEARCH_PATHS = "$(inherited) @executable_path/Frameworks @loader_path/Frameworks";
				PRODUCT_BUNDLE_IDENTIFIER = com.skylight.dad.ADBLESKTests;
				PRODUCT_NAME = "$(TARGET_NAME)";
				TEST_HOST = "$(BUILT_PRODUCTS_DIR)/ADBLESK.app/ADBLESK";
			};
			name = Debug;
		};
		92F462411E3109D000C9B2B3 /* Release */ = {
			isa = XCBuildConfiguration;
			baseConfigurationReference = 4F00E6914503DD0A2C6D90D1 /* Pods-ADBLESKTests.release.xcconfig */;
			buildSettings = {
				BUNDLE_LOADER = "$(TEST_HOST)";
				DEVELOPMENT_TEAM = 4D49NLC4WA;
				INFOPLIST_FILE = ADBLESKTests/Info.plist;
				LD_RUNPATH_SEARCH_PATHS = "$(inherited) @executable_path/Frameworks @loader_path/Frameworks";
				PRODUCT_BUNDLE_IDENTIFIER = com.skylight.dad.ADBLESKTests;
				PRODUCT_NAME = "$(TARGET_NAME)";
				TEST_HOST = "$(BUILT_PRODUCTS_DIR)/ADBLESK.app/ADBLESK";
			};
			name = Release;
		};
		92F462431E3109D000C9B2B3 /* Debug */ = {
			isa = XCBuildConfiguration;
			baseConfigurationReference = 7B59C01ECEE57D0CAC9D0AEB /* Pods-ADBLESKUITests.debug.xcconfig */;
			buildSettings = {
				DEVELOPMENT_TEAM = 4D49NLC4WA;
				INFOPLIST_FILE = ADBLESKUITests/Info.plist;
				LD_RUNPATH_SEARCH_PATHS = "$(inherited) @executable_path/Frameworks @loader_path/Frameworks";
				PRODUCT_BUNDLE_IDENTIFIER = com.skylight.dad.ADBLESKUITests;
				PRODUCT_NAME = "$(TARGET_NAME)";
				TEST_TARGET_NAME = ADBLESK;
			};
			name = Debug;
		};
		92F462441E3109D000C9B2B3 /* Release */ = {
			isa = XCBuildConfiguration;
			baseConfigurationReference = 18A4BC655D77AC8F3FD1A8A3 /* Pods-ADBLESKUITests.release.xcconfig */;
			buildSettings = {
				DEVELOPMENT_TEAM = 4D49NLC4WA;
				INFOPLIST_FILE = ADBLESKUITests/Info.plist;
				LD_RUNPATH_SEARCH_PATHS = "$(inherited) @executable_path/Frameworks @loader_path/Frameworks";
				PRODUCT_BUNDLE_IDENTIFIER = com.skylight.dad.ADBLESKUITests;
				PRODUCT_NAME = "$(TARGET_NAME)";
				TEST_TARGET_NAME = ADBLESK;
			};
			name = Release;
		};
/* End XCBuildConfiguration section */

/* Begin XCConfigurationList section */
		92F462071E3109D000C9B2B3 /* Build configuration list for PBXProject "ADBLESK" */ = {
			isa = XCConfigurationList;
			buildConfigurations = (
				92F4623A1E3109D000C9B2B3 /* Debug */,
				92F4623B1E3109D000C9B2B3 /* Release */,
			);
			defaultConfigurationIsVisible = 0;
			defaultConfigurationName = Release;
		};
		92F4623C1E3109D000C9B2B3 /* Build configuration list for PBXNativeTarget "ADBLESK" */ = {
			isa = XCConfigurationList;
			buildConfigurations = (
				92F4623D1E3109D000C9B2B3 /* Debug */,
				92F4623E1E3109D000C9B2B3 /* Release */,
			);
			defaultConfigurationIsVisible = 0;
			defaultConfigurationName = Release;
		};
		92F4623F1E3109D000C9B2B3 /* Build configuration list for PBXNativeTarget "ADBLESKTests" */ = {
			isa = XCConfigurationList;
			buildConfigurations = (
				92F462401E3109D000C9B2B3 /* Debug */,
				92F462411E3109D000C9B2B3 /* Release */,
			);
			defaultConfigurationIsVisible = 0;
			defaultConfigurationName = Release;
		};
		92F462421E3109D000C9B2B3 /* Build configuration list for PBXNativeTarget "ADBLESKUITests" */ = {
			isa = XCConfigurationList;
			buildConfigurations = (
				92F462431E3109D000C9B2B3 /* Debug */,
				92F462441E3109D000C9B2B3 /* Release */,
			);
			defaultConfigurationIsVisible = 0;
			defaultConfigurationName = Release;
		};
/* End XCConfigurationList section */

/* Begin XCVersionGroup section */
		92F4621B1E3109D000C9B2B3 /* ADBLESK.xcdatamodeld */ = {
			isa = XCVersionGroup;
			children = (
				92F4621C1E3109D000C9B2B3 /* ADBLESK.xcdatamodel */,
			);
			currentVersion = 92F4621C1E3109D000C9B2B3 /* ADBLESK.xcdatamodel */;
			path = ADBLESK.xcdatamodeld;
			sourceTree = "<group>";
			versionGroupType = wrapper.xcdatamodel;
		};
/* End XCVersionGroup section */
	};
	rootObject = 92F462041E3109D000C9B2B3 /* Project object */;
}
